// !$*UTF8*$!
{
	archiveVersion = 1;
	classes = {
	};
	objectVersion = 50;
	objects = {

/* Begin PBXBuildFile section */
		E98AB91426C01CD100F425D8 /* AppDelegate.swift in Sources */ = {isa = PBXBuildFile; fileRef = E98AB91326C01CD100F425D8 /* AppDelegate.swift */; };
		E98AB91626C01CD100F425D8 /* SceneDelegate.swift in Sources */ = {isa = PBXBuildFile; fileRef = E98AB91526C01CD100F425D8 /* SceneDelegate.swift */; };
		E98AB91826C01CD100F425D8 /* RecordSoundViewController.swift in Sources */ = {isa = PBXBuildFile; fileRef = E98AB91726C01CD100F425D8 /* RecordSoundViewController.swift */; };
		E98AB91B26C01CD100F425D8 /* Main.storyboard in Resources */ = {isa = PBXBuildFile; fileRef = E98AB91926C01CD100F425D8 /* Main.storyboard */; };
		E98AB91E26C01CD100F425D8 /* PitchPerfect.xcdatamodeld in Sources */ = {isa = PBXBuildFile; fileRef = E98AB91C26C01CD100F425D8 /* PitchPerfect.xcdatamodeld */; };
		E98AB92026C01CD500F425D8 /* Assets.xcassets in Resources */ = {isa = PBXBuildFile; fileRef = E98AB91F26C01CD500F425D8 /* Assets.xcassets */; };
		E98AB92326C01CD500F425D8 /* LaunchScreen.storyboard in Resources */ = {isa = PBXBuildFile; fileRef = E98AB92126C01CD500F425D8 /* LaunchScreen.storyboard */; };
		E98AB92E26C01CD500F425D8 /* PitchPerfectTests.swift in Sources */ = {isa = PBXBuildFile; fileRef = E98AB92D26C01CD500F425D8 /* PitchPerfectTests.swift */; };
		E98AB93926C01CD500F425D8 /* PitchPerfectUITests.swift in Sources */ = {isa = PBXBuildFile; fileRef = E98AB93826C01CD500F425D8 /* PitchPerfectUITests.swift */; };
		E990051026CF69730028537B /* PlaySoundsViewController.swift in Sources */ = {isa = PBXBuildFile; fileRef = E990050F26CF69730028537B /* PlaySoundsViewController.swift */; };
		E990051526CF7B2D0028537B /* PlaySoundsViewController+Audio.swift in Sources */ = {isa = PBXBuildFile; fileRef = E990051426CF7B2D0028537B /* PlaySoundsViewController+Audio.swift */; };
/* End PBXBuildFile section */

/* Begin PBXContainerItemProxy section */
		E98AB92A26C01CD500F425D8 /* PBXContainerItemProxy */ = {
			isa = PBXContainerItemProxy;
			containerPortal = E98AB90826C01CD100F425D8 /* Project object */;
			proxyType = 1;
			remoteGlobalIDString = E98AB90F26C01CD100F425D8;
			remoteInfo = PitchPerfect;
		};
		E98AB93526C01CD500F425D8 /* PBXContainerItemProxy */ = {
			isa = PBXContainerItemProxy;
			containerPortal = E98AB90826C01CD100F425D8 /* Project object */;
			proxyType = 1;
			remoteGlobalIDString = E98AB90F26C01CD100F425D8;
			remoteInfo = PitchPerfect;
		};
/* End PBXContainerItemProxy section */

/* Begin PBXFileReference section */
		E98AB91026C01CD100F425D8 /* PitchPerfect.app */ = {isa = PBXFileReference; explicitFileType = wrapper.application; includeInIndex = 0; path = PitchPerfect.app; sourceTree = BUILT_PRODUCTS_DIR; };
		E98AB91326C01CD100F425D8 /* AppDelegate.swift */ = {isa = PBXFileReference; lastKnownFileType = sourcecode.swift; path = AppDelegate.swift; sourceTree = "<group>"; };
		E98AB91526C01CD100F425D8 /* SceneDelegate.swift */ = {isa = PBXFileReference; lastKnownFileType = sourcecode.swift; path = SceneDelegate.swift; sourceTree = "<group>"; };
		E98AB91726C01CD100F425D8 /* RecordSoundViewController.swift */ = {isa = PBXFileReference; lastKnownFileType = sourcecode.swift; path = RecordSoundViewController.swift; sourceTree = "<group>"; };
		E98AB91A26C01CD100F425D8 /* Base */ = {isa = PBXFileReference; lastKnownFileType = file.storyboard; name = Base; path = Base.lproj/Main.storyboard; sourceTree = "<group>"; };
		E98AB91D26C01CD100F425D8 /* PitchPerfect.xcdatamodel */ = {isa = PBXFileReference; lastKnownFileType = wrapper.xcdatamodel; path = PitchPerfect.xcdatamodel; sourceTree = "<group>"; };
		E98AB91F26C01CD500F425D8 /* Assets.xcassets */ = {isa = PBXFileReference; lastKnownFileType = folder.assetcatalog; path = Assets.xcassets; sourceTree = "<group>"; };
		E98AB92226C01CD500F425D8 /* Base */ = {isa = PBXFileReference; lastKnownFileType = file.storyboard; name = Base; path = Base.lproj/LaunchScreen.storyboard; sourceTree = "<group>"; };
		E98AB92426C01CD500F425D8 /* Info.plist */ = {isa = PBXFileReference; lastKnownFileType = text.plist.xml; path = Info.plist; sourceTree = "<group>"; };
		E98AB92926C01CD500F425D8 /* PitchPerfectTests.xctest */ = {isa = PBXFileReference; explicitFileType = wrapper.cfbundle; includeInIndex = 0; path = PitchPerfectTests.xctest; sourceTree = BUILT_PRODUCTS_DIR; };
		E98AB92D26C01CD500F425D8 /* PitchPerfectTests.swift */ = {isa = PBXFileReference; lastKnownFileType = sourcecode.swift; path = PitchPerfectTests.swift; sourceTree = "<group>"; };
		E98AB92F26C01CD500F425D8 /* Info.plist */ = {isa = PBXFileReference; lastKnownFileType = text.plist.xml; path = Info.plist; sourceTree = "<group>"; };
		E98AB93426C01CD500F425D8 /* PitchPerfectUITests.xctest */ = {isa = PBXFileReference; explicitFileType = wrapper.cfbundle; includeInIndex = 0; path = PitchPerfectUITests.xctest; sourceTree = BUILT_PRODUCTS_DIR; };
		E98AB93826C01CD500F425D8 /* PitchPerfectUITests.swift */ = {isa = PBXFileReference; lastKnownFileType = sourcecode.swift; path = PitchPerfectUITests.swift; sourceTree = "<group>"; };
		E98AB93A26C01CD500F425D8 /* Info.plist */ = {isa = PBXFileReference; lastKnownFileType = text.plist.xml; path = Info.plist; sourceTree = "<group>"; };
		E990050F26CF69730028537B /* PlaySoundsViewController.swift */ = {isa = PBXFileReference; lastKnownFileType = sourcecode.swift; path = PlaySoundsViewController.swift; sourceTree = "<group>"; };
		E990051426CF7B2D0028537B /* PlaySoundsViewController+Audio.swift */ = {isa = PBXFileReference; lastKnownFileType = sourcecode.swift; path = "PlaySoundsViewController+Audio.swift"; sourceTree = "<group>"; };
/* End PBXFileReference section */

/* Begin PBXFrameworksBuildPhase section */
		E98AB90D26C01CD100F425D8 /* Frameworks */ = {
			isa = PBXFrameworksBuildPhase;
			buildActionMask = 2147483647;
			files = (
			);
			runOnlyForDeploymentPostprocessing = 0;
		};
		E98AB92626C01CD500F425D8 /* Frameworks */ = {
			isa = PBXFrameworksBuildPhase;
			buildActionMask = 2147483647;
			files = (
			);
			runOnlyForDeploymentPostprocessing = 0;
		};
		E98AB93126C01CD500F425D8 /* Frameworks */ = {
			isa = PBXFrameworksBuildPhase;
			buildActionMask = 2147483647;
			files = (
			);
			runOnlyForDeploymentPostprocessing = 0;
		};
/* End PBXFrameworksBuildPhase section */

/* Begin PBXGroup section */
		E98AB90726C01CD100F425D8 = {
			isa = PBXGroup;
			children = (
				E990050F26CF69730028537B /* PlaySoundsViewController.swift */,
				E98AB91226C01CD100F425D8 /* PitchPerfect */,
				E98AB92C26C01CD500F425D8 /* PitchPerfectTests */,
				E98AB93726C01CD500F425D8 /* PitchPerfectUITests */,
				E98AB91126C01CD100F425D8 /* Products */,
			);
			sourceTree = "<group>";
		};
		E98AB91126C01CD100F425D8 /* Products */ = {
			isa = PBXGroup;
			children = (
				E98AB91026C01CD100F425D8 /* PitchPerfect.app */,
				E98AB92926C01CD500F425D8 /* PitchPerfectTests.xctest */,
				E98AB93426C01CD500F425D8 /* PitchPerfectUITests.xctest */,
			);
			name = Products;
			sourceTree = "<group>";
		};
		E98AB91226C01CD100F425D8 /* PitchPerfect */ = {
			isa = PBXGroup;
			children = (
				E98AB91326C01CD100F425D8 /* AppDelegate.swift */,
				E98AB91526C01CD100F425D8 /* SceneDelegate.swift */,
				E98AB91726C01CD100F425D8 /* RecordSoundViewController.swift */,
				E98AB91926C01CD100F425D8 /* Main.storyboard */,
				E98AB91F26C01CD500F425D8 /* Assets.xcassets */,
				E98AB92126C01CD500F425D8 /* LaunchScreen.storyboard */,
				E98AB92426C01CD500F425D8 /* Info.plist */,
				E98AB91C26C01CD100F425D8 /* PitchPerfect.xcdatamodeld */,
				E990051426CF7B2D0028537B /* PlaySoundsViewController+Audio.swift */,
			);
			path = PitchPerfect;
			sourceTree = "<group>";
		};
		E98AB92C26C01CD500F425D8 /* PitchPerfectTests */ = {
			isa = PBXGroup;
			children = (
				E98AB92D26C01CD500F425D8 /* PitchPerfectTests.swift */,
				E98AB92F26C01CD500F425D8 /* Info.plist */,
			);
			path = PitchPerfectTests;
			sourceTree = "<group>";
		};
		E98AB93726C01CD500F425D8 /* PitchPerfectUITests */ = {
			isa = PBXGroup;
			children = (
				E98AB93826C01CD500F425D8 /* PitchPerfectUITests.swift */,
				E98AB93A26C01CD500F425D8 /* Info.plist */,
			);
			path = PitchPerfectUITests;
			sourceTree = "<group>";
		};
/* End PBXGroup section */

/* Begin PBXNativeTarget section */
		E98AB90F26C01CD100F425D8 /* PitchPerfect */ = {
			isa = PBXNativeTarget;
			buildConfigurationList = E98AB93D26C01CD500F425D8 /* Build configuration list for PBXNativeTarget "PitchPerfect" */;
			buildPhases = (
				E98AB90C26C01CD100F425D8 /* Sources */,
				E98AB90D26C01CD100F425D8 /* Frameworks */,
				E98AB90E26C01CD100F425D8 /* Resources */,
			);
			buildRules = (
			);
			dependencies = (
			);
			name = PitchPerfect;
			productName = PitchPerfect;
			productReference = E98AB91026C01CD100F425D8 /* PitchPerfect.app */;
			productType = "com.apple.product-type.application";
		};
		E98AB92826C01CD500F425D8 /* PitchPerfectTests */ = {
			isa = PBXNativeTarget;
			buildConfigurationList = E98AB94026C01CD500F425D8 /* Build configuration list for PBXNativeTarget "PitchPerfectTests" */;
			buildPhases = (
				E98AB92526C01CD500F425D8 /* Sources */,
				E98AB92626C01CD500F425D8 /* Frameworks */,
				E98AB92726C01CD500F425D8 /* Resources */,
			);
			buildRules = (
			);
			dependencies = (
				E98AB92B26C01CD500F425D8 /* PBXTargetDependency */,
			);
			name = PitchPerfectTests;
			productName = PitchPerfectTests;
			productReference = E98AB92926C01CD500F425D8 /* PitchPerfectTests.xctest */;
			productType = "com.apple.product-type.bundle.unit-test";
		};
		E98AB93326C01CD500F425D8 /* PitchPerfectUITests */ = {
			isa = PBXNativeTarget;
			buildConfigurationList = E98AB94326C01CD500F425D8 /* Build configuration list for PBXNativeTarget "PitchPerfectUITests" */;
			buildPhases = (
				E98AB93026C01CD500F425D8 /* Sources */,
				E98AB93126C01CD500F425D8 /* Frameworks */,
				E98AB93226C01CD500F425D8 /* Resources */,
			);
			buildRules = (
			);
			dependencies = (
				E98AB93626C01CD500F425D8 /* PBXTargetDependency */,
			);
			name = PitchPerfectUITests;
			productName = PitchPerfectUITests;
			productReference = E98AB93426C01CD500F425D8 /* PitchPerfectUITests.xctest */;
			productType = "com.apple.product-type.bundle.ui-testing";
		};
/* End PBXNativeTarget section */

/* Begin PBXProject section */
		E98AB90826C01CD100F425D8 /* Project object */ = {
			isa = PBXProject;
			attributes = {
				LastSwiftUpdateCheck = 1240;
				LastUpgradeCheck = 1240;
				TargetAttributes = {
					E98AB90F26C01CD100F425D8 = {
						CreatedOnToolsVersion = 12.4;
					};
					E98AB92826C01CD500F425D8 = {
						CreatedOnToolsVersion = 12.4;
						TestTargetID = E98AB90F26C01CD100F425D8;
					};
					E98AB93326C01CD500F425D8 = {
						CreatedOnToolsVersion = 12.4;
						TestTargetID = E98AB90F26C01CD100F425D8;
					};
				};
			};
			buildConfigurationList = E98AB90B26C01CD100F425D8 /* Build configuration list for PBXProject "PitchPerfect" */;
			compatibilityVersion = "Xcode 9.3";
			developmentRegion = en;
			hasScannedForEncodings = 0;
			knownRegions = (
				en,
				Base,
			);
			mainGroup = E98AB90726C01CD100F425D8;
			productRefGroup = E98AB91126C01CD100F425D8 /* Products */;
			projectDirPath = "";
			projectRoot = "";
			targets = (
				E98AB90F26C01CD100F425D8 /* PitchPerfect */,
				E98AB92826C01CD500F425D8 /* PitchPerfectTests */,
				E98AB93326C01CD500F425D8 /* PitchPerfectUITests */,
			);
		};
/* End PBXProject section */

/* Begin PBXResourcesBuildPhase section */
		E98AB90E26C01CD100F425D8 /* Resources */ = {
			isa = PBXResourcesBuildPhase;
			buildActionMask = 2147483647;
			files = (
				E98AB92326C01CD500F425D8 /* LaunchScreen.storyboard in Resources */,
				E98AB92026C01CD500F425D8 /* Assets.xcassets in Resources */,
				E98AB91B26C01CD100F425D8 /* Main.storyboard in Resources */,
			);
			runOnlyForDeploymentPostprocessing = 0;
		};
		E98AB92726C01CD500F425D8 /* Resources */ = {
			isa = PBXResourcesBuildPhase;
			buildActionMask = 2147483647;
			files = (
			);
			runOnlyForDeploymentPostprocessing = 0;
		};
		E98AB93226C01CD500F425D8 /* Resources */ = {
			isa = PBXResourcesBuildPhase;
			buildActionMask = 2147483647;
			files = (
			);
			runOnlyForDeploymentPostprocessing = 0;
		};
/* End PBXResourcesBuildPhase section */

/* Begin PBXSourcesBuildPhase section */
		E98AB90C26C01CD100F425D8 /* Sources */ = {
			isa = PBXSourcesBuildPhase;
			buildActionMask = 2147483647;
			files = (
				E98AB91826C01CD100F425D8 /* RecordSoundViewController.swift in Sources */,
				E990051526CF7B2D0028537B /* PlaySoundsViewController+Audio.swift in Sources */,
				E98AB91426C01CD100F425D8 /* AppDelegate.swift in Sources */,
				E98AB91E26C01CD100F425D8 /* PitchPerfect.xcdatamodeld in Sources */,
				E990051026CF69730028537B /* PlaySoundsViewController.swift in Sources */,
				E98AB91626C01CD100F425D8 /* SceneDelegate.swift in Sources */,
			);
			runOnlyForDeploymentPostprocessing = 0;
		};
		E98AB92526C01CD500F425D8 /* Sources */ = {
			isa = PBXSourcesBuildPhase;
			buildActionMask = 2147483647;
			files = (
				E98AB92E26C01CD500F425D8 /* PitchPerfectTests.swift in Sources */,
			);
			runOnlyForDeploymentPostprocessing = 0;
		};
		E98AB93026C01CD500F425D8 /* Sources */ = {
			isa = PBXSourcesBuildPhase;
			buildActionMask = 2147483647;
			files = (
				E98AB93926C01CD500F425D8 /* PitchPerfectUITests.swift in Sources */,
			);
			runOnlyForDeploymentPostprocessing = 0;
		};
/* End PBXSourcesBuildPhase section */

/* Begin PBXTargetDependency section */
		E98AB92B26C01CD500F425D8 /* PBXTargetDependency */ = {
			isa = PBXTargetDependency;
			target = E98AB90F26C01CD100F425D8 /* PitchPerfect */;
			targetProxy = E98AB92A26C01CD500F425D8 /* PBXContainerItemProxy */;
		};
		E98AB93626C01CD500F425D8 /* PBXTargetDependency */ = {
			isa = PBXTargetDependency;
			target = E98AB90F26C01CD100F425D8 /* PitchPerfect */;
			targetProxy = E98AB93526C01CD500F425D8 /* PBXContainerItemProxy */;
		};
/* End PBXTargetDependency section */

/* Begin PBXVariantGroup section */
		E98AB91926C01CD100F425D8 /* Main.storyboard */ = {
			isa = PBXVariantGroup;
			children = (
				E98AB91A26C01CD100F425D8 /* Base */,
			);
			name = Main.storyboard;
			sourceTree = "<group>";
		};
		E98AB92126C01CD500F425D8 /* LaunchScreen.storyboard */ = {
			isa = PBXVariantGroup;
			children = (
				E98AB92226C01CD500F425D8 /* Base */,
			);
			name = LaunchScreen.storyboard;
			sourceTree = "<group>";
		};
/* End PBXVariantGroup section */

/* Begin XCBuildConfiguration section */
		E98AB93B26C01CD500F425D8 /* Debug */ = {
			isa = XCBuildConfiguration;
			buildSettings = {
				ALWAYS_SEARCH_USER_PATHS = NO;
				CLANG_ANALYZER_NONNULL = YES;
				CLANG_ANALYZER_NUMBER_OBJECT_CONVERSION = YES_AGGRESSIVE;
				CLANG_CXX_LANGUAGE_STANDARD = "gnu++14";
				CLANG_CXX_LIBRARY = "libc++";
				CLANG_ENABLE_MODULES = YES;
				CLANG_ENABLE_OBJC_ARC = YES;
				CLANG_ENABLE_OBJC_WEAK = YES;
				CLANG_WARN_BLOCK_CAPTURE_AUTORELEASING = YES;
				CLANG_WARN_BOOL_CONVERSION = YES;
				CLANG_WARN_COMMA = YES;
				CLANG_WARN_CONSTANT_CONVERSION = YES;
				CLANG_WARN_DEPRECATED_OBJC_IMPLEMENTATIONS = YES;
				CLANG_WARN_DIRECT_OBJC_ISA_USAGE = YES_ERROR;
				CLANG_WARN_DOCUMENTATION_COMMENTS = YES;
				CLANG_WARN_EMPTY_BODY = YES;
				CLANG_WARN_ENUM_CONVERSION = YES;
				CLANG_WARN_INFINITE_RECURSION = YES;
				CLANG_WARN_INT_CONVERSION = YES;
				CLANG_WARN_NON_LITERAL_NULL_CONVERSION = YES;
				CLANG_WARN_OBJC_IMPLICIT_RETAIN_SELF = YES;
				CLANG_WARN_OBJC_LITERAL_CONVERSION = YES;
				CLANG_WARN_OBJC_ROOT_CLASS = YES_ERROR;
				CLANG_WARN_QUOTED_INCLUDE_IN_FRAMEWORK_HEADER = YES;
				CLANG_WARN_RANGE_LOOP_ANALYSIS = YES;
				CLANG_WARN_STRICT_PROTOTYPES = YES;
				CLANG_WARN_SUSPICIOUS_MOVE = YES;
				CLANG_WARN_UNGUARDED_AVAILABILITY = YES_AGGRESSIVE;
				CLANG_WARN_UNREACHABLE_CODE = YES;
				CLANG_WARN__DUPLICATE_METHOD_MATCH = YES;
				COPY_PHASE_STRIP = NO;
				DEBUG_INFORMATION_FORMAT = dwarf;
				ENABLE_STRICT_OBJC_MSGSEND = YES;
				ENABLE_TESTABILITY = YES;
				GCC_C_LANGUAGE_STANDARD = gnu11;
				GCC_DYNAMIC_NO_PIC = NO;
				GCC_NO_COMMON_BLOCKS = YES;
				GCC_OPTIMIZATION_LEVEL = 0;
				GCC_PREPROCESSOR_DEFINITIONS = (
					"DEBUG=1",
					"$(inherited)",
				);
				GCC_WARN_64_TO_32_BIT_CONVERSION = YES;
				GCC_WARN_ABOUT_RETURN_TYPE = YES_ERROR;
				GCC_WARN_UNDECLARED_SELECTOR = YES;
				GCC_WARN_UNINITIALIZED_AUTOS = YES_AGGRESSIVE;
				GCC_WARN_UNUSED_FUNCTION = YES;
				GCC_WARN_UNUSED_VARIABLE = YES;
				IPHONEOS_DEPLOYMENT_TARGET = 14.4;
				MTL_ENABLE_DEBUG_INFO = INCLUDE_SOURCE;
				MTL_FAST_MATH = YES;
				ONLY_ACTIVE_ARCH = YES;
				SDKROOT = iphoneos;
				SWIFT_ACTIVE_COMPILATION_CONDITIONS = DEBUG;
				SWIFT_OPTIMIZATION_LEVEL = "-Onone";
			};
			name = Debug;
		};
		E98AB93C26C01CD500F425D8 /* Release */ = {
			isa = XCBuildConfiguration;
			buildSettings = {
				ALWAYS_SEARCH_USER_PATHS = NO;
				CLANG_ANALYZER_NONNULL = YES;
				CLANG_ANALYZER_NUMBER_OBJECT_CONVERSION = YES_AGGRESSIVE;
				CLANG_CXX_LANGUAGE_STANDARD = "gnu++14";
				CLANG_CXX_LIBRARY = "libc++";
				CLANG_ENABLE_MODULES = YES;
				CLANG_ENABLE_OBJC_ARC = YES;
				CLANG_ENABLE_OBJC_WEAK = YES;
				CLANG_WARN_BLOCK_CAPTURE_AUTORELEASING = YES;
				CLANG_WARN_BOOL_CONVERSION = YES;
				CLANG_WARN_COMMA = YES;
				CLANG_WARN_CONSTANT_CONVERSION = YES;
				CLANG_WARN_DEPRECATED_OBJC_IMPLEMENTATIONS = YES;
				CLANG_WARN_DIRECT_OBJC_ISA_USAGE = YES_ERROR;
				CLANG_WARN_DOCUMENTATION_COMMENTS = YES;
				CLANG_WARN_EMPTY_BODY = YES;
				CLANG_WARN_ENUM_CONVERSION = YES;
				CLANG_WARN_INFINITE_RECURSION = YES;
				CLANG_WARN_INT_CONVERSION = YES;
				CLANG_WARN_NON_LITERAL_NULL_CONVERSION = YES;
				CLANG_WARN_OBJC_IMPLICIT_RETAIN_SELF = YES;
				CLANG_WARN_OBJC_LITERAL_CONVERSION = YES;
				CLANG_WARN_OBJC_ROOT_CLASS = YES_ERROR;
				CLANG_WARN_QUOTED_INCLUDE_IN_FRAMEWORK_HEADER = YES;
				CLANG_WARN_RANGE_LOOP_ANALYSIS = YES;
				CLANG_WARN_STRICT_PROTOTYPES = YES;
				CLANG_WARN_SUSPICIOUS_MOVE = YES;
				CLANG_WARN_UNGUARDED_AVAILABILITY = YES_AGGRESSIVE;
				CLANG_WARN_UNREACHABLE_CODE = YES;
				CLANG_WARN__DUPLICATE_METHOD_MATCH = YES;
				COPY_PHASE_STRIP = NO;
				DEBUG_INFORMATION_FORMAT = "dwarf-with-dsym";
				ENABLE_NS_ASSERTIONS = NO;
				ENABLE_STRICT_OBJC_MSGSEND = YES;
				GCC_C_LANGUAGE_STANDARD = gnu11;
				GCC_NO_COMMON_BLOCKS = YES;
				GCC_WARN_64_TO_32_BIT_CONVERSION = YES;
				GCC_WARN_ABOUT_RETURN_TYPE = YES_ERROR;
				GCC_WARN_UNDECLARED_SELECTOR = YES;
				GCC_WARN_UNINITIALIZED_AUTOS = YES_AGGRESSIVE;
				GCC_WARN_UNUSED_FUNCTION = YES;
				GCC_WARN_UNUSED_VARIABLE = YES;
				IPHONEOS_DEPLOYMENT_TARGET = 14.4;
				MTL_ENABLE_DEBUG_INFO = NO;
				MTL_FAST_MATH = YES;
				SDKROOT = iphoneos;
				SWIFT_COMPILATION_MODE = wholemodule;
				SWIFT_OPTIMIZATION_LEVEL = "-O";
				VALIDATE_PRODUCT = YES;
			};
			name = Release;
		};
		E98AB93E26C01CD500F425D8 /* Debug */ = {
			isa = XCBuildConfiguration;
			buildSettings = {
				ASSETCATALOG_COMPILER_APPICON_NAME = AppIcon;
				ASSETCATALOG_COMPILER_GLOBAL_ACCENT_COLOR_NAME = AccentColor;
				CODE_SIGN_STYLE = Automatic;
				DEVELOPMENT_TEAM = X5C48HV7HV;
				INFOPLIST_FILE = PitchPerfect/Info.plist;
				LD_RUNPATH_SEARCH_PATHS = (
					"$(inherited)",
					"@executable_path/Frameworks",
				);
				PRODUCT_BUNDLE_IDENTIFIER = "com.PitchPerfect-imane";
				PRODUCT_NAME = "$(TARGET_NAME)";
				SWIFT_VERSION = 5.0;
				TARGETED_DEVICE_FAMILY = "1,2";
			};
			name = Debug;
		};
		E98AB93F26C01CD500F425D8 /* Release */ = {
			isa = XCBuildConfiguration;
			buildSettings = {
				ASSETCATALOG_COMPILER_APPICON_NAME = AppIcon;
				ASSETCATALOG_COMPILER_GLOBAL_ACCENT_COLOR_NAME = AccentColor;
				CODE_SIGN_STYLE = Automatic;
				DEVELOPMENT_TEAM = X5C48HV7HV;
				INFOPLIST_FILE = PitchPerfect/Info.plist;
				LD_RUNPATH_SEARCH_PATHS = (
					"$(inherited)",
					"@executable_path/Frameworks",
				);
				PRODUCT_BUNDLE_IDENTIFIER = "com.PitchPerfect-imane";
				PRODUCT_NAME = "$(TARGET_NAME)";
				SWIFT_VERSION = 5.0;
				TARGETED_DEVICE_FAMILY = "1,2";
			};
			name = Release;
		};
		E98AB94126C01CD500F425D8 /* Debug */ = {
			isa = XCBuildConfiguration;
			buildSettings = {
				ALWAYS_EMBED_SWIFT_STANDARD_LIBRARIES = YES;
				BUNDLE_LOADER = "$(TEST_HOST)";
				CODE_SIGN_STYLE = Automatic;
				DEVELOPMENT_TEAM = X5C48HV7HV;
				INFOPLIST_FILE = PitchPerfectTests/Info.plist;
				IPHONEOS_DEPLOYMENT_TARGET = 14.4;
				LD_RUNPATH_SEARCH_PATHS = (
					"$(inherited)",
					"@executable_path/Frameworks",
					"@loader_path/Frameworks",
				);
				PRODUCT_BUNDLE_IDENTIFIER = com.PitchPerfectTests;
				PRODUCT_NAME = "$(TARGET_NAME)";
				SWIFT_VERSION = 5.0;
				TARGETED_DEVICE_FAMILY = "1,2";
				TEST_HOST = "$(BUILT_PRODUCTS_DIR)/PitchPerfect.app/PitchPerfect";
			};
			name = Debug;
		};
		E98AB94226C01CD500F425D8 /* Release */ = {
			isa = XCBuildConfiguration;
			buildSettings = {
				ALWAYS_EMBED_SWIFT_STANDARD_LIBRARIES = YES;
				BUNDLE_LOADER = "$(TEST_HOST)";
				CODE_SIGN_STYLE = Automatic;
				DEVELOPMENT_TEAM = X5C48HV7HV;
				INFOPLIST_FILE = PitchPerfectTests/Info.plist;
				IPHONEOS_DEPLOYMENT_TARGET = 14.4;
				LD_RUNPATH_SEARCH_PATHS = (
					"$(inherited)",
					"@executable_path/Frameworks",
					"@loader_path/Frameworks",
				);
				PRODUCT_BUNDLE_IDENTIFIER = com.PitchPerfectTests;
				PRODUCT_NAME = "$(TARGET_NAME)";
				SWIFT_VERSION = 5.0;
				TARGETED_DEVICE_FAMILY = "1,2";
				TEST_HOST = "$(BUILT_PRODUCTS_DIR)/PitchPerfect.app/PitchPerfect";
			};
			name = Release;
		};
		E98AB94426C01CD500F425D8 /* Debug */ = {
			isa = XCBuildConfiguration;
			buildSettings = {
				ALWAYS_EMBED_SWIFT_STANDARD_LIBRARIES = YES;
				CODE_SIGN_STYLE = Automatic;
				DEVELOPMENT_TEAM = X5C48HV7HV;
				INFOPLIST_FILE = PitchPerfectUITests/Info.plist;
				LD_RUNPATH_SEARCH_PATHS = (
					"$(inherited)",
					"@executable_path/Frameworks",
					"@loader_path/Frameworks",
				);
				PRODUCT_BUNDLE_IDENTIFIER = com.PitchPerfectUITests;
				PRODUCT_NAME = "$(TARGET_NAME)";
				SWIFT_VERSION = 5.0;
				TARGETED_DEVICE_FAMILY = "1,2";
				TEST_TARGET_NAME = PitchPerfect;
			};
			name = Debug;
		};
		E98AB94526C01CD500F425D8 /* Release */ = {
			isa = XCBuildConfiguration;
			buildSettings = {
				ALWAYS_EMBED_SWIFT_STANDARD_LIBRARIES = YES;
				CODE_SIGN_STYLE = Automatic;
				DEVELOPMENT_TEAM = X5C48HV7HV;
				INFOPLIST_FILE = PitchPerfectUITests/Info.plist;
				LD_RUNPATH_SEARCH_PATHS = (
					"$(inherited)",
					"@executable_path/Frameworks",
					"@loader_path/Frameworks",
				);
				PRODUCT_BUNDLE_IDENTIFIER = com.PitchPerfectUITests;
				PRODUCT_NAME = "$(TARGET_NAME)";
				SWIFT_VERSION = 5.0;
				TARGETED_DEVICE_FAMILY = "1,2";
				TEST_TARGET_NAME = PitchPerfect;
			};
			name = Release;
		};
/* End XCBuildConfiguration section */

/* Begin XCConfigurationList section */
		E98AB90B26C01CD100F425D8 /* Build configuration list for PBXProject "PitchPerfect" */ = {
			isa = XCConfigurationList;
			buildConfigurations = (
				E98AB93B26C01CD500F425D8 /* Debug */,
				E98AB93C26C01CD500F425D8 /* Release */,
			);
			defaultConfigurationIsVisible = 0;
			defaultConfigurationName = Release;
		};
		E98AB93D26C01CD500F425D8 /* Build configuration list for PBXNativeTarget "PitchPerfect" */ = {
			isa = XCConfigurationList;
			buildConfigurations = (
				E98AB93E26C01CD500F425D8 /* Debug */,
				E98AB93F26C01CD500F425D8 /* Release */,
			);
			defaultConfigurationIsVisible = 0;
			defaultConfigurationName = Release;
		};
		E98AB94026C01CD500F425D8 /* Build configuration list for PBXNativeTarget "PitchPerfectTests" */ = {
			isa = XCConfigurationList;
			buildConfigurations = (
				E98AB94126C01CD500F425D8 /* Debug */,
				E98AB94226C01CD500F425D8 /* Release */,
			);
			defaultConfigurationIsVisible = 0;
			defaultConfigurationName = Release;
		};
		E98AB94326C01CD500F425D8 /* Build configuration list for PBXNativeTarget "PitchPerfectUITests" */ = {
			isa = XCConfigurationList;
			buildConfigurations = (
				E98AB94426C01CD500F425D8 /* Debug */,
				E98AB94526C01CD500F425D8 /* Release */,
			);
			defaultConfigurationIsVisible = 0;
			defaultConfigurationName = Release;
		};
/* End XCConfigurationList section */

/* Begin XCVersionGroup section */
		E98AB91C26C01CD100F425D8 /* PitchPerfect.xcdatamodeld */ = {
			isa = XCVersionGroup;
			children = (
				E98AB91D26C01CD100F425D8 /* PitchPerfect.xcdatamodel */,
			);
			currentVersion = E98AB91D26C01CD100F425D8 /* PitchPerfect.xcdatamodel */;
			path = PitchPerfect.xcdatamodeld;
			sourceTree = "<group>";
			versionGroupType = wrapper.xcdatamodel;
		};
/* End XCVersionGroup section */
	};
	rootObject = E98AB90826C01CD100F425D8 /* Project object */;
}
